
Microsoft Visual Studio Solution File, Format Version 12.00
Project("{FAE04EC0-301F-11D3-BF4B-00C04F79EFBC}") = "theme", "theme.csproj", "{B69A6CC9-FE94-444A-9AC9-B189B95A95C4}"
EndProject
Global
	GlobalSection(SolutionConfigurationPlatforms) = preSolution
		Debug|Any CPU = Debug|Any CPU
		Release|Any CPU = Release|Any CPU
	EndGlobalSection
	GlobalSection(ProjectConfigurationPlatforms) = postSolution
		{B69A6CC9-FE94-444A-9AC9-B189B95A95C4}.Debug|Any CPU.ActiveCfg = Debug|Any CPU
		{B69A6CC9-FE94-444A-9AC9-B189B95A95C4}.Debug|Any CPU.Build.0 = Debug|Any CPU
		{B69A6CC9-FE94-444A-9AC9-B189B95A95C4}.Release|Any CPU.ActiveCfg = Release|Any CPU
		{B69A6CC9-FE94-444A-9AC9-B189B95A95C4}.Release|Any CPU.Build.0 = Release|Any CPU
	EndGlobalSection
EndGlobal
