
Microsoft Visual Studio Solution File, Format Version 12.00
Project("{FAE04EC0-301F-11D3-BF4B-00C04F79EFBC}") = "testLibrary", "testLibrary.csproj", "{E653CD20-A1B9-4AA9-8353-11CAC0C4F7B3}"
EndProject
Global
	GlobalSection(SolutionConfigurationPlatforms) = preSolution
		Debug|Any CPU = Debug|Any CPU
		Release|Any CPU = Release|Any CPU
	EndGlobalSection
	GlobalSection(ProjectConfigurationPlatforms) = postSolution
		{E653CD20-A1B9-4AA9-8353-11CAC0C4F7B3}.Debug|Any CPU.ActiveCfg = Debug|Any CPU
		{E653CD20-A1B9-4AA9-8353-11CAC0C4F7B3}.Debug|Any CPU.Build.0 = Debug|Any CPU
		{E653CD20-A1B9-4AA9-8353-11CAC0C4F7B3}.Release|Any CPU.ActiveCfg = Release|Any CPU
		{E653CD20-A1B9-4AA9-8353-11CAC0C4F7B3}.Release|Any CPU.Build.0 = Release|Any CPU
	EndGlobalSection
EndGlobal
